
Microsoft Visual Studio Solution File, Format Version 12.00
# Visual Studio Version 17
VisualStudioVersion = 17.9.34728.123
MinimumVisualStudioVersion = 10.0.40219.1
Project("{FAE04EC0-301F-11D3-BF4B-00C04F79EFBC}") = "KTZSanatoriumServiceApi", "KTZSanatoriumServiceApi\KTZSanatoriumServiceApi.csproj", "{8074650F-01F3-4671-80D1-9490E3ECEBEC}"
EndProject
Global
	GlobalSection(SolutionConfigurationPlatforms) = preSolution
		Debug|Any CPU = Debug|Any CPU
		Release|Any CPU = Release|Any CPU
	EndGlobalSection
	GlobalSection(ProjectConfigurationPlatforms) = postSolution
		{8074650F-01F3-4671-80D1-9490E3ECEBEC}.Debug|Any CPU.ActiveCfg = Debug|Any CPU
		{8074650F-01F3-4671-80D1-9490E3ECEBEC}.Debug|Any CPU.Build.0 = Debug|Any CPU
		{8074650F-01F3-4671-80D1-9490E3ECEBEC}.Release|Any CPU.ActiveCfg = Release|Any CPU
		{8074650F-01F3-4671-80D1-9490E3ECEBEC}.Release|Any CPU.Build.0 = Release|Any CPU
	EndGlobalSection
	GlobalSection(SolutionProperties) = preSolution
		HideSolutionNode = FALSE
	EndGlobalSection
	GlobalSection(ExtensibilityGlobals) = postSolution
		SolutionGuid = {0DA42888-C849-4977-806C-24DD0488D451}
	EndGlobalSection
EndGlobal
